
Microsoft Visual Studio Solution File, Format Version 12.00
# Visual Studio Version 17
VisualStudioVersion = 17.14.36203.30
MinimumVisualStudioVersion = 10.0.40219.1
Project("{FAE04EC0-301F-11D3-BF4B-00C04F79EFBC}") = "WithAsyncAndWithAwaitInSequentialOrder", "WithAsyncAndWithAwait\WithAsyncAndWithAwaitInSequentialOrder.csproj", "{9B92CA3D-56CF-4163-95FE-CA7D7038C50A}"
EndProject
Project("{FAE04EC0-301F-11D3-BF4B-00C04F79EFBC}") = "CallAsyncMethodsWithoutAwait", "WithoutAsyncAndWithoutAwait\CallAsyncMethodsWithoutAwait.csproj", "{E4FE024A-FDEA-4F58-9464-20A9CF689ED3}"
EndProject
Project("{FAE04EC0-301F-11D3-BF4B-00C04F79EFBC}") = "WithAsyncAndWithAwaitWithParallel", "WithAsyncAndWithAwaitWithParallel\WithAsyncAndWithAwaitWithParallel.csproj", "{C4006D80-7DFA-4BBD-B39B-B4E0FAB1B054}"
EndProject
Global
	GlobalSection(SolutionConfigurationPlatforms) = preSolution
		Debug|Any CPU = Debug|Any CPU
		Release|Any CPU = Release|Any CPU
	EndGlobalSection
	GlobalSection(ProjectConfigurationPlatforms) = postSolution
		{9B92CA3D-56CF-4163-95FE-CA7D7038C50A}.Debug|Any CPU.ActiveCfg = Debug|Any CPU
		{9B92CA3D-56CF-4163-95FE-CA7D7038C50A}.Debug|Any CPU.Build.0 = Debug|Any CPU
		{9B92CA3D-56CF-4163-95FE-CA7D7038C50A}.Release|Any CPU.ActiveCfg = Release|Any CPU
		{9B92CA3D-56CF-4163-95FE-CA7D7038C50A}.Release|Any CPU.Build.0 = Release|Any CPU
		{E4FE024A-FDEA-4F58-9464-20A9CF689ED3}.Debug|Any CPU.ActiveCfg = Debug|Any CPU
		{E4FE024A-FDEA-4F58-9464-20A9CF689ED3}.Debug|Any CPU.Build.0 = Debug|Any CPU
		{E4FE024A-FDEA-4F58-9464-20A9CF689ED3}.Release|Any CPU.ActiveCfg = Release|Any CPU
		{E4FE024A-FDEA-4F58-9464-20A9CF689ED3}.Release|Any CPU.Build.0 = Release|Any CPU
		{C4006D80-7DFA-4BBD-B39B-B4E0FAB1B054}.Debug|Any CPU.ActiveCfg = Debug|Any CPU
		{C4006D80-7DFA-4BBD-B39B-B4E0FAB1B054}.Debug|Any CPU.Build.0 = Debug|Any CPU
		{C4006D80-7DFA-4BBD-B39B-B4E0FAB1B054}.Release|Any CPU.ActiveCfg = Release|Any CPU
		{C4006D80-7DFA-4BBD-B39B-B4E0FAB1B054}.Release|Any CPU.Build.0 = Release|Any CPU
	EndGlobalSection
	GlobalSection(SolutionProperties) = preSolution
		HideSolutionNode = FALSE
	EndGlobalSection
	GlobalSection(ExtensibilityGlobals) = postSolution
		SolutionGuid = {C11A18B2-CB35-4207-9961-A27948468143}
	EndGlobalSection
EndGlobal
