
Microsoft Visual Studio Solution File, Format Version 12.00
# Visual Studio Version 17
VisualStudioVersion = 17.14.36310.24 d17.14
MinimumVisualStudioVersion = 10.0.40219.1
Project("{FAE04EC0-301F-11D3-BF4B-00C04F79EFBC}") = "AzEvHbOrderService", "AzEvHbOrderService\AzEvHbOrderService.csproj", "{75A40826-AD71-47A6-90DF-81556D111042}"
EndProject
Global
	GlobalSection(SolutionConfigurationPlatforms) = preSolution
		Debug|Any CPU = Debug|Any CPU
		Release|Any CPU = Release|Any CPU
	EndGlobalSection
	GlobalSection(ProjectConfigurationPlatforms) = postSolution
		{75A40826-AD71-47A6-90DF-81556D111042}.Debug|Any CPU.ActiveCfg = Debug|Any CPU
		{75A40826-AD71-47A6-90DF-81556D111042}.Debug|Any CPU.Build.0 = Debug|Any CPU
		{75A40826-AD71-47A6-90DF-81556D111042}.Release|Any CPU.ActiveCfg = Release|Any CPU
		{75A40826-AD71-47A6-90DF-81556D111042}.Release|Any CPU.Build.0 = Release|Any CPU
	EndGlobalSection
	GlobalSection(SolutionProperties) = preSolution
		HideSolutionNode = FALSE
	EndGlobalSection
	GlobalSection(ExtensibilityGlobals) = postSolution
		SolutionGuid = {49CCD39E-D3D0-4E8C-9C2C-33B50DCF1CFC}
	EndGlobalSection
EndGlobal
