
Microsoft Visual Studio Solution File, Format Version 12.00
# Visual Studio Version 17
VisualStudioVersion = 17.14.36310.24 d17.14
MinimumVisualStudioVersion = 10.0.40219.1
Project("{FAE04EC0-301F-11D3-BF4B-00C04F79EFBC}") = "DepInjWithAbstStrategyPattern", "DepInjWithAbstStrategyPattern\DepInjWithAbstStrategyPattern.csproj", "{AF2A58A1-C660-465D-B828-869776235741}"
EndProject
Global
	GlobalSection(SolutionConfigurationPlatforms) = preSolution
		Debug|Any CPU = Debug|Any CPU
		Release|Any CPU = Release|Any CPU
	EndGlobalSection
	GlobalSection(ProjectConfigurationPlatforms) = postSolution
		{AF2A58A1-C660-465D-B828-869776235741}.Debug|Any CPU.ActiveCfg = Debug|Any CPU
		{AF2A58A1-C660-465D-B828-869776235741}.Debug|Any CPU.Build.0 = Debug|Any CPU
		{AF2A58A1-C660-465D-B828-869776235741}.Release|Any CPU.ActiveCfg = Release|Any CPU
		{AF2A58A1-C660-465D-B828-869776235741}.Release|Any CPU.Build.0 = Release|Any CPU
	EndGlobalSection
	GlobalSection(SolutionProperties) = preSolution
		HideSolutionNode = FALSE
	EndGlobalSection
	GlobalSection(ExtensibilityGlobals) = postSolution
		SolutionGuid = {7F4B0077-F531-46FB-9732-C970512D9C06}
	EndGlobalSection
EndGlobal
