
Microsoft Visual Studio Solution File, Format Version 12.00
# Visual Studio Version 17
VisualStudioVersion = 17.9.34714.143
MinimumVisualStudioVersion = 10.0.40219.1
Project("{FAE04EC0-301F-11D3-BF4B-00C04F79EFBC}") = "AdapterPattern", "AdapterPattern\AdapterPattern.csproj", "{31D2783C-A0A5-47BE-A850-62087583D590}"
EndProject
Global
	GlobalSection(SolutionConfigurationPlatforms) = preSolution
		Debug|Any CPU = Debug|Any CPU
		Release|Any CPU = Release|Any CPU
	EndGlobalSection
	GlobalSection(ProjectConfigurationPlatforms) = postSolution
		{31D2783C-A0A5-47BE-A850-62087583D590}.Debug|Any CPU.ActiveCfg = Debug|Any CPU
		{31D2783C-A0A5-47BE-A850-62087583D590}.Debug|Any CPU.Build.0 = Debug|Any CPU
		{31D2783C-A0A5-47BE-A850-62087583D590}.Release|Any CPU.ActiveCfg = Release|Any CPU
		{31D2783C-A0A5-47BE-A850-62087583D590}.Release|Any CPU.Build.0 = Release|Any CPU
	EndGlobalSection
	GlobalSection(SolutionProperties) = preSolution
		HideSolutionNode = FALSE
	EndGlobalSection
	GlobalSection(ExtensibilityGlobals) = postSolution
		SolutionGuid = {42C92C89-2298-4056-8A69-793F10120BD8}
	EndGlobalSection
EndGlobal
