
Microsoft Visual Studio Solution File, Format Version 12.00
# Visual Studio Version 17
VisualStudioVersion = 17.9.34714.143
MinimumVisualStudioVersion = 10.0.40219.1
Project("{FAE04EC0-301F-11D3-BF4B-00C04F79EFBC}") = "FactoryPatternWithInterface", "FactoryPattern\FactoryPatternWithInterface.csproj", "{9CD03060-7CAF-4747-A6E5-F98669FCA725}"
EndProject
Project("{FAE04EC0-301F-11D3-BF4B-00C04F79EFBC}") = "WithoutFactoryPattern", "WithoutFactoryPattern\WithoutFactoryPattern.csproj", "{944E19CA-3796-4308-AC5D-6B0641C8C5AD}"
EndProject
Project("{2150E333-8FDC-42A3-9474-1A3956D46DE8}") = "ExplanationDetails", "ExplanationDetails", "{02EA681E-C7D8-13C7-8484-4AC65E1B71E8}"
	ProjectSection(SolutionItems) = preProject
		FactoryPattern-Explanation.docx = FactoryPattern-Explanation.docx
	EndProjectSection
EndProject
Project("{FAE04EC0-301F-11D3-BF4B-00C04F79EFBC}") = "FactoryPatternWithAbstractClass", "FactoryPatternWithAbstractClass\FactoryPatternWithAbstractClass.csproj", "{4049E235-F213-435D-876E-CC67A68C7197}"
EndProject
Global
	GlobalSection(SolutionConfigurationPlatforms) = preSolution
		Debug|Any CPU = Debug|Any CPU
		Release|Any CPU = Release|Any CPU
	EndGlobalSection
	GlobalSection(ProjectConfigurationPlatforms) = postSolution
		{9CD03060-7CAF-4747-A6E5-F98669FCA725}.Debug|Any CPU.ActiveCfg = Debug|Any CPU
		{9CD03060-7CAF-4747-A6E5-F98669FCA725}.Debug|Any CPU.Build.0 = Debug|Any CPU
		{9CD03060-7CAF-4747-A6E5-F98669FCA725}.Release|Any CPU.ActiveCfg = Release|Any CPU
		{9CD03060-7CAF-4747-A6E5-F98669FCA725}.Release|Any CPU.Build.0 = Release|Any CPU
		{944E19CA-3796-4308-AC5D-6B0641C8C5AD}.Debug|Any CPU.ActiveCfg = Debug|Any CPU
		{944E19CA-3796-4308-AC5D-6B0641C8C5AD}.Debug|Any CPU.Build.0 = Debug|Any CPU
		{944E19CA-3796-4308-AC5D-6B0641C8C5AD}.Release|Any CPU.ActiveCfg = Release|Any CPU
		{944E19CA-3796-4308-AC5D-6B0641C8C5AD}.Release|Any CPU.Build.0 = Release|Any CPU
		{4049E235-F213-435D-876E-CC67A68C7197}.Debug|Any CPU.ActiveCfg = Debug|Any CPU
		{4049E235-F213-435D-876E-CC67A68C7197}.Debug|Any CPU.Build.0 = Debug|Any CPU
		{4049E235-F213-435D-876E-CC67A68C7197}.Release|Any CPU.ActiveCfg = Release|Any CPU
		{4049E235-F213-435D-876E-CC67A68C7197}.Release|Any CPU.Build.0 = Release|Any CPU
	EndGlobalSection
	GlobalSection(SolutionProperties) = preSolution
		HideSolutionNode = FALSE
	EndGlobalSection
	GlobalSection(ExtensibilityGlobals) = postSolution
		SolutionGuid = {835F6B3E-5E15-4E6E-8B3A-D3530991E988}
	EndGlobalSection
EndGlobal
